
Microsoft Visual Studio Solution File, Format Version 12.00
# Visual Studio Version 17
VisualStudioVersion = 17.9.34622.214
MinimumVisualStudioVersion = 10.0.40219.1
Project("{FAE04EC0-301F-11D3-BF4B-00C04F79EFBC}") = "Selection", "Selection\Selection.csproj", "{45D47BC7-3EE0-4644-930E-546018DCBC1C}"
EndProject
Project("{FAE04EC0-301F-11D3-BF4B-00C04F79EFBC}") = "QuickSort", "QuickSort\QuickSort.csproj", "{AA73EB7C-4405-4649-BA30-1AC7EB0B997F}"
EndProject
Project("{FAE04EC0-301F-11D3-BF4B-00C04F79EFBC}") = "PriorityQueue", "PriorityQueue\PriorityQueue.csproj", "{F38C5609-DC09-4A37-B708-795F65735399}"
EndProject
Project("{FAE04EC0-301F-11D3-BF4B-00C04F79EFBC}") = "HeapSort", "HeapSort\HeapSort.csproj", "{7EB2EF76-AB3D-44C0-BCE1-43A43112B615}"
EndProject
Global
	GlobalSection(SolutionConfigurationPlatforms) = preSolution
		Debug|Any CPU = Debug|Any CPU
		Release|Any CPU = Release|Any CPU
	EndGlobalSection
	GlobalSection(ProjectConfigurationPlatforms) = postSolution
		{45D47BC7-3EE0-4644-930E-546018DCBC1C}.Debug|Any CPU.ActiveCfg = Debug|Any CPU
		{45D47BC7-3EE0-4644-930E-546018DCBC1C}.Debug|Any CPU.Build.0 = Debug|Any CPU
		{45D47BC7-3EE0-4644-930E-546018DCBC1C}.Release|Any CPU.ActiveCfg = Release|Any CPU
		{45D47BC7-3EE0-4644-930E-546018DCBC1C}.Release|Any CPU.Build.0 = Release|Any CPU
		{AA73EB7C-4405-4649-BA30-1AC7EB0B997F}.Debug|Any CPU.ActiveCfg = Debug|Any CPU
		{AA73EB7C-4405-4649-BA30-1AC7EB0B997F}.Debug|Any CPU.Build.0 = Debug|Any CPU
		{AA73EB7C-4405-4649-BA30-1AC7EB0B997F}.Release|Any CPU.ActiveCfg = Release|Any CPU
		{AA73EB7C-4405-4649-BA30-1AC7EB0B997F}.Release|Any CPU.Build.0 = Release|Any CPU
		{F38C5609-DC09-4A37-B708-795F65735399}.Debug|Any CPU.ActiveCfg = Debug|Any CPU
		{F38C5609-DC09-4A37-B708-795F65735399}.Debug|Any CPU.Build.0 = Debug|Any CPU
		{F38C5609-DC09-4A37-B708-795F65735399}.Release|Any CPU.ActiveCfg = Release|Any CPU
		{F38C5609-DC09-4A37-B708-795F65735399}.Release|Any CPU.Build.0 = Release|Any CPU
		{7EB2EF76-AB3D-44C0-BCE1-43A43112B615}.Debug|Any CPU.ActiveCfg = Debug|Any CPU
		{7EB2EF76-AB3D-44C0-BCE1-43A43112B615}.Debug|Any CPU.Build.0 = Debug|Any CPU
		{7EB2EF76-AB3D-44C0-BCE1-43A43112B615}.Release|Any CPU.ActiveCfg = Release|Any CPU
		{7EB2EF76-AB3D-44C0-BCE1-43A43112B615}.Release|Any CPU.Build.0 = Release|Any CPU
	EndGlobalSection
	GlobalSection(SolutionProperties) = preSolution
		HideSolutionNode = FALSE
	EndGlobalSection
	GlobalSection(ExtensibilityGlobals) = postSolution
		SolutionGuid = {BE91D6D0-28EC-4964-8497-50C3DB9E378B}
	EndGlobalSection
EndGlobal
